
Microsoft Visual Studio Solution File, Format Version 11.00
# Visual Studio 2010
Project("{FAE04EC0-301F-11D3-BF4B-00C04F79EFBC}") = "rdwrtp7.mono", "rdwrtp7.mono.csproj", "{E455AE5F-AC1E-4810-AA4B-71CB27892845}"
EndProject
Global
	GlobalSection(SolutionConfigurationPlatforms) = preSolution
		Debug|x86 = Debug|x86
		Release|x86 = Release|x86
	EndGlobalSection
	GlobalSection(ProjectConfigurationPlatforms) = postSolution
		{E455AE5F-AC1E-4810-AA4B-71CB27892845}.Debug|x86.ActiveCfg = Debug|x86
		{E455AE5F-AC1E-4810-AA4B-71CB27892845}.Debug|x86.Build.0 = Debug|x86
		{E455AE5F-AC1E-4810-AA4B-71CB27892845}.Release|x86.ActiveCfg = Release|x86
		{E455AE5F-AC1E-4810-AA4B-71CB27892845}.Release|x86.Build.0 = Release|x86
	EndGlobalSection
	GlobalSection(MonoDevelopProperties) = preSolution
		StartupItem = rdwrtp7.mono.csproj
	EndGlobalSection
EndGlobal
